// !$*UTF8*$!
{
	archiveVersion = 1;
	classes = {
	};
	objectVersion = 56;
	objects = {

/* Begin PBXBuildFile section */
		07977B2E28EC61B900D7E2F4 /* ScrumDingerApp.swift in Sources */ = {isa = PBXBuildFile; fileRef = 07977B2D28EC61B900D7E2F4 /* ScrumDingerApp.swift */; };
		07977B3028EC61B900D7E2F4 /* MeetingView.swift in Sources */ = {isa = PBXBuildFile; fileRef = 07977B2F28EC61B900D7E2F4 /* MeetingView.swift */; };
		07977B3228EC61BB00D7E2F4 /* Assets.xcassets in Resources */ = {isa = PBXBuildFile; fileRef = 07977B3128EC61BB00D7E2F4 /* Assets.xcassets */; };
		07977B3528EC61BB00D7E2F4 /* Preview Assets.xcassets in Resources */ = {isa = PBXBuildFile; fileRef = 07977B3428EC61BB00D7E2F4 /* Preview Assets.xcassets */; };
		07977B3D28EC623C00D7E2F4 /* Theme.swift in Sources */ = {isa = PBXBuildFile; fileRef = 07977B3C28EC623C00D7E2F4 /* Theme.swift */; };
		07977B3F28EC629000D7E2F4 /* DailyScrum.swift in Sources */ = {isa = PBXBuildFile; fileRef = 07977B3E28EC629000D7E2F4 /* DailyScrum.swift */; };
		07977B4128EC62CD00D7E2F4 /* CardView.swift in Sources */ = {isa = PBXBuildFile; fileRef = 07977B4028EC62CD00D7E2F4 /* CardView.swift */; };
		07977B4328ECC6D700D7E2F4 /* TrailingIconLabelStyle.swift in Sources */ = {isa = PBXBuildFile; fileRef = 07977B4228ECC6D700D7E2F4 /* TrailingIconLabelStyle.swift */; };
		07977B4528ED059000D7E2F4 /* ScrumsView.swift in Sources */ = {isa = PBXBuildFile; fileRef = 07977B4428ED059000D7E2F4 /* ScrumsView.swift */; };
		0799CB1328EDE83E004A70EE /* DetailView.swift in Sources */ = {isa = PBXBuildFile; fileRef = 0799CB1228EDE83E004A70EE /* DetailView.swift */; };
/* End PBXBuildFile section */

/* Begin PBXFileReference section */
		07977B2A28EC61B900D7E2F4 /* ScrumDinger.app */ = {isa = PBXFileReference; explicitFileType = wrapper.application; includeInIndex = 0; path = ScrumDinger.app; sourceTree = BUILT_PRODUCTS_DIR; };
		07977B2D28EC61B900D7E2F4 /* ScrumDingerApp.swift */ = {isa = PBXFileReference; lastKnownFileType = sourcecode.swift; path = ScrumDingerApp.swift; sourceTree = "<group>"; };
		07977B2F28EC61B900D7E2F4 /* MeetingView.swift */ = {isa = PBXFileReference; lastKnownFileType = sourcecode.swift; path = MeetingView.swift; sourceTree = "<group>"; };
		07977B3128EC61BB00D7E2F4 /* Assets.xcassets */ = {isa = PBXFileReference; lastKnownFileType = folder.assetcatalog; path = Assets.xcassets; sourceTree = "<group>"; };
		07977B3428EC61BB00D7E2F4 /* Preview Assets.xcassets */ = {isa = PBXFileReference; lastKnownFileType = folder.assetcatalog; path = "Preview Assets.xcassets"; sourceTree = "<group>"; };
		07977B3C28EC623C00D7E2F4 /* Theme.swift */ = {isa = PBXFileReference; lastKnownFileType = sourcecode.swift; path = Theme.swift; sourceTree = "<group>"; };
		07977B3E28EC629000D7E2F4 /* DailyScrum.swift */ = {isa = PBXFileReference; lastKnownFileType = sourcecode.swift; path = DailyScrum.swift; sourceTree = "<group>"; };
		07977B4028EC62CD00D7E2F4 /* CardView.swift */ = {isa = PBXFileReference; lastKnownFileType = sourcecode.swift; path = CardView.swift; sourceTree = "<group>"; };
		07977B4228ECC6D700D7E2F4 /* TrailingIconLabelStyle.swift */ = {isa = PBXFileReference; lastKnownFileType = sourcecode.swift; path = TrailingIconLabelStyle.swift; sourceTree = "<group>"; };
		07977B4428ED059000D7E2F4 /* ScrumsView.swift */ = {isa = PBXFileReference; lastKnownFileType = sourcecode.swift; path = ScrumsView.swift; sourceTree = "<group>"; };
		0799CB1228EDE83E004A70EE /* DetailView.swift */ = {isa = PBXFileReference; lastKnownFileType = sourcecode.swift; path = DetailView.swift; sourceTree = "<group>"; };
/* End PBXFileReference section */

/* Begin PBXFrameworksBuildPhase section */
		07977B2728EC61B900D7E2F4 /* Frameworks */ = {
			isa = PBXFrameworksBuildPhase;
			buildActionMask = 2147483647;
			files = (
			);
			runOnlyForDeploymentPostprocessing = 0;
		};
/* End PBXFrameworksBuildPhase section */

/* Begin PBXGroup section */
		07977B2128EC61B900D7E2F4 = {
			isa = PBXGroup;
			children = (
				07977B2C28EC61B900D7E2F4 /* ScrumDinger */,
				07977B2B28EC61B900D7E2F4 /* Products */,
			);
			sourceTree = "<group>";
		};
		07977B2B28EC61B900D7E2F4 /* Products */ = {
			isa = PBXGroup;
			children = (
				07977B2A28EC61B900D7E2F4 /* ScrumDinger.app */,
			);
			name = Products;
			sourceTree = "<group>";
		};
		07977B2C28EC61B900D7E2F4 /* ScrumDinger */ = {
			isa = PBXGroup;
			children = (
				07977B3B28EC621B00D7E2F4 /* Models */,
				07977B2D28EC61B900D7E2F4 /* ScrumDingerApp.swift */,
				07977B2F28EC61B900D7E2F4 /* MeetingView.swift */,
				07977B3128EC61BB00D7E2F4 /* Assets.xcassets */,
				07977B3328EC61BB00D7E2F4 /* Preview Content */,
				07977B4028EC62CD00D7E2F4 /* CardView.swift */,
				07977B4228ECC6D700D7E2F4 /* TrailingIconLabelStyle.swift */,
				07977B4428ED059000D7E2F4 /* ScrumsView.swift */,
				0799CB1228EDE83E004A70EE /* DetailView.swift */,
			);
			path = ScrumDinger;
			sourceTree = "<group>";
		};
		07977B3328EC61BB00D7E2F4 /* Preview Content */ = {
			isa = PBXGroup;
			children = (
				07977B3428EC61BB00D7E2F4 /* Preview Assets.xcassets */,
			);
			path = "Preview Content";
			sourceTree = "<group>";
		};
		07977B3B28EC621B00D7E2F4 /* Models */ = {
			isa = PBXGroup;
			children = (
				07977B3C28EC623C00D7E2F4 /* Theme.swift */,
				07977B3E28EC629000D7E2F4 /* DailyScrum.swift */,
			);
			path = Models;
			sourceTree = "<group>";
		};
/* End PBXGroup section */

/* Begin PBXNativeTarget section */
		07977B2928EC61B900D7E2F4 /* ScrumDinger */ = {
			isa = PBXNativeTarget;
			buildConfigurationList = 07977B3828EC61BB00D7E2F4 /* Build configuration list for PBXNativeTarget "ScrumDinger" */;
			buildPhases = (
				07977B2628EC61B900D7E2F4 /* Sources */,
				07977B2728EC61B900D7E2F4 /* Frameworks */,
				07977B2828EC61B900D7E2F4 /* Resources */,
			);
			buildRules = (
			);
			dependencies = (
			);
			name = ScrumDinger;
			productName = ScrumDinger;
			productReference = 07977B2A28EC61B900D7E2F4 /* ScrumDinger.app */;
			productType = "com.apple.product-type.application";
		};
/* End PBXNativeTarget section */

/* Begin PBXProject section */
		07977B2228EC61B900D7E2F4 /* Project object */ = {
			isa = PBXProject;
			attributes = {
				BuildIndependentTargetsInParallel = 1;
				LastSwiftUpdateCheck = 1400;
				LastUpgradeCheck = 1400;
				TargetAttributes = {
					07977B2928EC61B900D7E2F4 = {
						CreatedOnToolsVersion = 14.0.1;
					};
				};
			};
			buildConfigurationList = 07977B2528EC61B900D7E2F4 /* Build configuration list for PBXProject "ScrumDinger" */;
			compatibilityVersion = "Xcode 14.0";
			developmentRegion = en;
			hasScannedForEncodings = 0;
			knownRegions = (
				en,
				Base,
			);
			mainGroup = 07977B2128EC61B900D7E2F4;
			productRefGroup = 07977B2B28EC61B900D7E2F4 /* Products */;
			projectDirPath = "";
			projectRoot = "";
			targets = (
				07977B2928EC61B900D7E2F4 /* ScrumDinger */,
			);
		};
/* End PBXProject section */

/* Begin PBXResourcesBuildPhase section */
		07977B2828EC61B900D7E2F4 /* Resources */ = {
			isa = PBXResourcesBuildPhase;
			buildActionMask = 2147483647;
			files = (
				07977B3528EC61BB00D7E2F4 /* Preview Assets.xcassets in Resources */,
				07977B3228EC61BB00D7E2F4 /* Assets.xcassets in Resources */,
			);
			runOnlyForDeploymentPostprocessing = 0;
		};
/* End PBXResourcesBuildPhase section */

/* Begin PBXSourcesBuildPhase section */
		07977B2628EC61B900D7E2F4 /* Sources */ = {
			isa = PBXSourcesBuildPhase;
			buildActionMask = 2147483647;
			files = (
				07977B3F28EC629000D7E2F4 /* DailyScrum.swift in Sources */,
				0799CB1328EDE83E004A70EE /* DetailView.swift in Sources */,
				07977B4328ECC6D700D7E2F4 /* TrailingIconLabelStyle.swift in Sources */,
				07977B3D28EC623C00D7E2F4 /* Theme.swift in Sources */,
				07977B4528ED059000D7E2F4 /* ScrumsView.swift in Sources */,
				07977B3028EC61B900D7E2F4 /* MeetingView.swift in Sources */,
				07977B2E28EC61B900D7E2F4 /* ScrumDingerApp.swift in Sources */,
				07977B4128EC62CD00D7E2F4 /* CardView.swift in Sources */,
			);
			runOnlyForDeploymentPostprocessing = 0;
		};
/* End PBXSourcesBuildPhase section */

/* Begin XCBuildConfiguration section */
		07977B3628EC61BB00D7E2F4 /* Debug */ = {
			isa = XCBuildConfiguration;
			buildSettings = {
				ALWAYS_SEARCH_USER_PATHS = NO;
				CLANG_ANALYZER_NONNULL = YES;
				CLANG_ANALYZER_NUMBER_OBJECT_CONVERSION = YES_AGGRESSIVE;
				CLANG_CXX_LANGUAGE_STANDARD = "gnu++20";
				CLANG_ENABLE_MODULES = YES;
				CLANG_ENABLE_OBJC_ARC = YES;
				CLANG_ENABLE_OBJC_WEAK = YES;
				CLANG_WARN_BLOCK_CAPTURE_AUTORELEASING = YES;
				CLANG_WARN_BOOL_CONVERSION = YES;
				CLANG_WARN_COMMA = YES;
				CLANG_WARN_CONSTANT_CONVERSION = YES;
				CLANG_WARN_DEPRECATED_OBJC_IMPLEMENTATIONS = YES;
				CLANG_WARN_DIRECT_OBJC_ISA_USAGE = YES_ERROR;
				CLANG_WARN_DOCUMENTATION_COMMENTS = YES;
				CLANG_WARN_EMPTY_BODY = YES;
				CLANG_WARN_ENUM_CONVERSION = YES;
				CLANG_WARN_INFINITE_RECURSION = YES;
				CLANG_WARN_INT_CONVERSION = YES;
				CLANG_WARN_NON_LITERAL_NULL_CONVERSION = YES;
				CLANG_WARN_OBJC_IMPLICIT_RETAIN_SELF = YES;
				CLANG_WARN_OBJC_LITERAL_CONVERSION = YES;
				CLANG_WARN_OBJC_ROOT_CLASS = YES_ERROR;
				CLANG_WARN_QUOTED_INCLUDE_IN_FRAMEWORK_HEADER = YES;
				CLANG_WARN_RANGE_LOOP_ANALYSIS = YES;
				CLANG_WARN_STRICT_PROTOTYPES = YES;
				CLANG_WARN_SUSPICIOUS_MOVE = YES;
				CLANG_WARN_UNGUARDED_AVAILABILITY = YES_AGGRESSIVE;
				CLANG_WARN_UNREACHABLE_CODE = YES;
				CLANG_WARN__DUPLICATE_METHOD_MATCH = YES;
				COPY_PHASE_STRIP = NO;
				DEBUG_INFORMATION_FORMAT = dwarf;
				ENABLE_STRICT_OBJC_MSGSEND = YES;
				ENABLE_TESTABILITY = YES;
				GCC_C_LANGUAGE_STANDARD = gnu11;
				GCC_DYNAMIC_NO_PIC = NO;
				GCC_NO_COMMON_BLOCKS = YES;
				GCC_OPTIMIZATION_LEVEL = 0;
				GCC_PREPROCESSOR_DEFINITIONS = (
					"DEBUG=1",
					"$(inherited)",
				);
				GCC_WARN_64_TO_32_BIT_CONVERSION = YES;
				GCC_WARN_ABOUT_RETURN_TYPE = YES_ERROR;
				GCC_WARN_UNDECLARED_SELECTOR = YES;
				GCC_WARN_UNINITIALIZED_AUTOS = YES_AGGRESSIVE;
				GCC_WARN_UNUSED_FUNCTION = YES;
				GCC_WARN_UNUSED_VARIABLE = YES;
				IPHONEOS_DEPLOYMENT_TARGET = 16.0;
				MTL_ENABLE_DEBUG_INFO = INCLUDE_SOURCE;
				MTL_FAST_MATH = YES;
				ONLY_ACTIVE_ARCH = YES;
				SDKROOT = iphoneos;
				SWIFT_ACTIVE_COMPILATION_CONDITIONS = DEBUG;
				SWIFT_OPTIMIZATION_LEVEL = "-Onone";
			};
			name = Debug;
		};
		07977B3728EC61BB00D7E2F4 /* Release */ = {
			isa = XCBuildConfiguration;
			buildSettings = {
				ALWAYS_SEARCH_USER_PATHS = NO;
				CLANG_ANALYZER_NONNULL = YES;
				CLANG_ANALYZER_NUMBER_OBJECT_CONVERSION = YES_AGGRESSIVE;
				CLANG_CXX_LANGUAGE_STANDARD = "gnu++20";
				CLANG_ENABLE_MODULES = YES;
				CLANG_ENABLE_OBJC_ARC = YES;
				CLANG_ENABLE_OBJC_WEAK = YES;
				CLANG_WARN_BLOCK_CAPTURE_AUTORELEASING = YES;
				CLANG_WARN_BOOL_CONVERSION = YES;
				CLANG_WARN_COMMA = YES;
				CLANG_WARN_CONSTANT_CONVERSION = YES;
				CLANG_WARN_DEPRECATED_OBJC_IMPLEMENTATIONS = YES;
				CLANG_WARN_DIRECT_OBJC_ISA_USAGE = YES_ERROR;
				CLANG_WARN_DOCUMENTATION_COMMENTS = YES;
				CLANG_WARN_EMPTY_BODY = YES;
				CLANG_WARN_ENUM_CONVERSION = YES;
				CLANG_WARN_INFINITE_RECURSION = YES;
				CLANG_WARN_INT_CONVERSION = YES;
				CLANG_WARN_NON_LITERAL_NULL_CONVERSION = YES;
				CLANG_WARN_OBJC_IMPLICIT_RETAIN_SELF = YES;
				CLANG_WARN_OBJC_LITERAL_CONVERSION = YES;
				CLANG_WARN_OBJC_ROOT_CLASS = YES_ERROR;
				CLANG_WARN_QUOTED_INCLUDE_IN_FRAMEWORK_HEADER = YES;
				CLANG_WARN_RANGE_LOOP_ANALYSIS = YES;
				CLANG_WARN_STRICT_PROTOTYPES = YES;
				CLANG_WARN_SUSPICIOUS_MOVE = YES;
				CLANG_WARN_UNGUARDED_AVAILABILITY = YES_AGGRESSIVE;
				CLANG_WARN_UNREACHABLE_CODE = YES;
				CLANG_WARN__DUPLICATE_METHOD_MATCH = YES;
				COPY_PHASE_STRIP = NO;
				DEBUG_INFORMATION_FORMAT = "dwarf-with-dsym";
				ENABLE_NS_ASSERTIONS = NO;
				ENABLE_STRICT_OBJC_MSGSEND = YES;
				GCC_C_LANGUAGE_STANDARD = gnu11;
				GCC_NO_COMMON_BLOCKS = YES;
				GCC_WARN_64_TO_32_BIT_CONVERSION = YES;
				GCC_WARN_ABOUT_RETURN_TYPE = YES_ERROR;
				GCC_WARN_UNDECLARED_SELECTOR = YES;
				GCC_WARN_UNINITIALIZED_AUTOS = YES_AGGRESSIVE;
				GCC_WARN_UNUSED_FUNCTION = YES;
				GCC_WARN_UNUSED_VARIABLE = YES;
				IPHONEOS_DEPLOYMENT_TARGET = 16.0;
				MTL_ENABLE_DEBUG_INFO = NO;
				MTL_FAST_MATH = YES;
				SDKROOT = iphoneos;
				SWIFT_COMPILATION_MODE = wholemodule;
				SWIFT_OPTIMIZATION_LEVEL = "-O";
				VALIDATE_PRODUCT = YES;
			};
			name = Release;
		};
		07977B3928EC61BB00D7E2F4 /* Debug */ = {
			isa = XCBuildConfiguration;
			buildSettings = {
				ASSETCATALOG_COMPILER_APPICON_NAME = AppIcon;
				ASSETCATALOG_COMPILER_GLOBAL_ACCENT_COLOR_NAME = AccentColor;
				CODE_SIGN_STYLE = Automatic;
				CURRENT_PROJECT_VERSION = 1;
				DEVELOPMENT_ASSET_PATHS = "\"ScrumDinger/Preview Content\"";
				ENABLE_PREVIEWS = YES;
				GENERATE_INFOPLIST_FILE = YES;
				INFOPLIST_KEY_UIApplicationSceneManifest_Generation = YES;
				INFOPLIST_KEY_UIApplicationSupportsIndirectInputEvents = YES;
				INFOPLIST_KEY_UILaunchScreen_Generation = YES;
				INFOPLIST_KEY_UISupportedInterfaceOrientations_iPad = "UIInterfaceOrientationPortrait UIInterfaceOrientationPortraitUpsideDown UIInterfaceOrientationLandscapeLeft UIInterfaceOrientationLandscapeRight";
				INFOPLIST_KEY_UISupportedInterfaceOrientations_iPhone = "UIInterfaceOrientationPortrait UIInterfaceOrientationLandscapeLeft UIInterfaceOrientationLandscapeRight";
				LD_RUNPATH_SEARCH_PATHS = (
					"$(inherited)",
					"@executable_path/Frameworks",
				);
				MARKETING_VERSION = 1.0;
				PRODUCT_BUNDLE_IDENTIFIER = nl.fontys.ScrumDinger;
				PRODUCT_NAME = "$(TARGET_NAME)";
				SWIFT_EMIT_LOC_STRINGS = YES;
				SWIFT_VERSION = 5.0;
				TARGETED_DEVICE_FAMILY = "1,2";
			};
			name = Debug;
		};
		07977B3A28EC61BB00D7E2F4 /* Release */ = {
			isa = XCBuildConfiguration;
			buildSettings = {
				ASSETCATALOG_COMPILER_APPICON_NAME = AppIcon;
				ASSETCATALOG_COMPILER_GLOBAL_ACCENT_COLOR_NAME = AccentColor;
				CODE_SIGN_STYLE = Automatic;
				CURRENT_PROJECT_VERSION = 1;
				DEVELOPMENT_ASSET_PATHS = "\"ScrumDinger/Preview Content\"";
				ENABLE_PREVIEWS = YES;
				GENERATE_INFOPLIST_FILE = YES;
				INFOPLIST_KEY_UIApplicationSceneManifest_Generation = YES;
				INFOPLIST_KEY_UIApplicationSupportsIndirectInputEvents = YES;
				INFOPLIST_KEY_UILaunchScreen_Generation = YES;
				INFOPLIST_KEY_UISupportedInterfaceOrientations_iPad = "UIInterfaceOrientationPortrait UIInterfaceOrientationPortraitUpsideDown UIInterfaceOrientationLandscapeLeft UIInterfaceOrientationLandscapeRight";
				INFOPLIST_KEY_UISupportedInterfaceOrientations_iPhone = "UIInterfaceOrientationPortrait UIInterfaceOrientationLandscapeLeft UIInterfaceOrientationLandscapeRight";
				LD_RUNPATH_SEARCH_PATHS = (
					"$(inherited)",
					"@executable_path/Frameworks",
				);
				MARKETING_VERSION = 1.0;
				PRODUCT_BUNDLE_IDENTIFIER = nl.fontys.ScrumDinger;
				PRODUCT_NAME = "$(TARGET_NAME)";
				SWIFT_EMIT_LOC_STRINGS = YES;
				SWIFT_VERSION = 5.0;
				TARGETED_DEVICE_FAMILY = "1,2";
			};
			name = Release;
		};
/* End XCBuildConfiguration section */

/* Begin XCConfigurationList section */
		07977B2528EC61B900D7E2F4 /* Build configuration list for PBXProject "ScrumDinger" */ = {
			isa = XCConfigurationList;
			buildConfigurations = (
				07977B3628EC61BB00D7E2F4 /* Debug */,
				07977B3728EC61BB00D7E2F4 /* Release */,
			);
			defaultConfigurationIsVisible = 0;
			defaultConfigurationName = Release;
		};
		07977B3828EC61BB00D7E2F4 /* Build configuration list for PBXNativeTarget "ScrumDinger" */ = {
			isa = XCConfigurationList;
			buildConfigurations = (
				07977B3928EC61BB00D7E2F4 /* Debug */,
				07977B3A28EC61BB00D7E2F4 /* Release */,
			);
			defaultConfigurationIsVisible = 0;
			defaultConfigurationName = Release;
		};
/* End XCConfigurationList section */
	};
	rootObject = 07977B2228EC61B900D7E2F4 /* Project object */;
}
